
Microsoft Visual Studio Solution File, Format Version 12.00
# Visual Studio Version 17
VisualStudioVersion = 17.5.33530.505
MinimumVisualStudioVersion = 10.0.40219.1
Project("{FAE04EC0-301F-11D3-BF4B-00C04F79EFBC}") = "BaseProject.Android", "BaseProject\BaseProject.Android\BaseProject.Android.csproj", "{6EACD124-A794-44EB-9F47-7A68865DF046}"
EndProject
Project("{FAE04EC0-301F-11D3-BF4B-00C04F79EFBC}") = "BaseProject.iOS", "BaseProject\BaseProject.iOS\BaseProject.iOS.csproj", "{52FFDDC2-A62E-4518-B9FD-2DAF13173D1A}"
EndProject
Project("{FAE04EC0-301F-11D3-BF4B-00C04F79EFBC}") = "BaseProject", "BaseProject\BaseProject\BaseProject.csproj", "{B7165DE4-E97B-4F3B-A02E-C2D6B04D70C1}"
EndProject
Global
	GlobalSection(SolutionConfigurationPlatforms) = preSolution
		Debug|Any CPU = Debug|Any CPU
		Debug|iPhone = Debug|iPhone
		Debug|iPhoneSimulator = Debug|iPhoneSimulator
		Release|Any CPU = Release|Any CPU
		Release|iPhone = Release|iPhone
		Release|iPhoneSimulator = Release|iPhoneSimulator
	EndGlobalSection
	GlobalSection(ProjectConfigurationPlatforms) = postSolution
		{6EACD124-A794-44EB-9F47-7A68865DF046}.Debug|Any CPU.ActiveCfg = Debug|Any CPU
		{6EACD124-A794-44EB-9F47-7A68865DF046}.Debug|Any CPU.Build.0 = Debug|Any CPU
		{6EACD124-A794-44EB-9F47-7A68865DF046}.Debug|Any CPU.Deploy.0 = Debug|Any CPU
		{6EACD124-A794-44EB-9F47-7A68865DF046}.Debug|iPhone.ActiveCfg = Debug|Any CPU
		{6EACD124-A794-44EB-9F47-7A68865DF046}.Debug|iPhone.Build.0 = Debug|Any CPU
		{6EACD124-A794-44EB-9F47-7A68865DF046}.Debug|iPhone.Deploy.0 = Debug|Any CPU
		{6EACD124-A794-44EB-9F47-7A68865DF046}.Debug|iPhoneSimulator.ActiveCfg = Debug|Any CPU
		{6EACD124-A794-44EB-9F47-7A68865DF046}.Debug|iPhoneSimulator.Build.0 = Debug|Any CPU
		{6EACD124-A794-44EB-9F47-7A68865DF046}.Debug|iPhoneSimulator.Deploy.0 = Debug|Any CPU
		{6EACD124-A794-44EB-9F47-7A68865DF046}.Release|Any CPU.ActiveCfg = Release|Any CPU
		{6EACD124-A794-44EB-9F47-7A68865DF046}.Release|Any CPU.Build.0 = Release|Any CPU
		{6EACD124-A794-44EB-9F47-7A68865DF046}.Release|Any CPU.Deploy.0 = Release|Any CPU
		{6EACD124-A794-44EB-9F47-7A68865DF046}.Release|iPhone.ActiveCfg = Release|Any CPU
		{6EACD124-A794-44EB-9F47-7A68865DF046}.Release|iPhone.Build.0 = Release|Any CPU
		{6EACD124-A794-44EB-9F47-7A68865DF046}.Release|iPhone.Deploy.0 = Release|Any CPU
		{6EACD124-A794-44EB-9F47-7A68865DF046}.Release|iPhoneSimulator.ActiveCfg = Release|Any CPU
		{6EACD124-A794-44EB-9F47-7A68865DF046}.Release|iPhoneSimulator.Build.0 = Release|Any CPU
		{6EACD124-A794-44EB-9F47-7A68865DF046}.Release|iPhoneSimulator.Deploy.0 = Release|Any CPU
		{52FFDDC2-A62E-4518-B9FD-2DAF13173D1A}.Debug|Any CPU.ActiveCfg = Debug|iPhone
		{52FFDDC2-A62E-4518-B9FD-2DAF13173D1A}.Debug|Any CPU.Build.0 = Debug|iPhone
		{52FFDDC2-A62E-4518-B9FD-2DAF13173D1A}.Debug|Any CPU.Deploy.0 = Debug|iPhone
		{52FFDDC2-A62E-4518-B9FD-2DAF13173D1A}.Debug|iPhone.ActiveCfg = Debug|iPhone
		{52FFDDC2-A62E-4518-B9FD-2DAF13173D1A}.Debug|iPhone.Build.0 = Debug|iPhone
		{52FFDDC2-A62E-4518-B9FD-2DAF13173D1A}.Debug|iPhone.Deploy.0 = Debug|iPhone
		{52FFDDC2-A62E-4518-B9FD-2DAF13173D1A}.Debug|iPhoneSimulator.ActiveCfg = Debug|iPhoneSimulator
		{52FFDDC2-A62E-4518-B9FD-2DAF13173D1A}.Debug|iPhoneSimulator.Build.0 = Debug|iPhoneSimulator
		{52FFDDC2-A62E-4518-B9FD-2DAF13173D1A}.Debug|iPhoneSimulator.Deploy.0 = Debug|iPhoneSimulator
		{52FFDDC2-A62E-4518-B9FD-2DAF13173D1A}.Release|Any CPU.ActiveCfg = Release|iPhoneSimulator
		{52FFDDC2-A62E-4518-B9FD-2DAF13173D1A}.Release|Any CPU.Build.0 = Release|iPhoneSimulator
		{52FFDDC2-A62E-4518-B9FD-2DAF13173D1A}.Release|Any CPU.Deploy.0 = Release|iPhoneSimulator
		{52FFDDC2-A62E-4518-B9FD-2DAF13173D1A}.Release|iPhone.ActiveCfg = Release|iPhone
		{52FFDDC2-A62E-4518-B9FD-2DAF13173D1A}.Release|iPhone.Build.0 = Release|iPhone
		{52FFDDC2-A62E-4518-B9FD-2DAF13173D1A}.Release|iPhone.Deploy.0 = Release|iPhone
		{52FFDDC2-A62E-4518-B9FD-2DAF13173D1A}.Release|iPhoneSimulator.ActiveCfg = Release|iPhoneSimulator
		{52FFDDC2-A62E-4518-B9FD-2DAF13173D1A}.Release|iPhoneSimulator.Build.0 = Release|iPhoneSimulator
		{52FFDDC2-A62E-4518-B9FD-2DAF13173D1A}.Release|iPhoneSimulator.Deploy.0 = Release|iPhoneSimulator
		{B7165DE4-E97B-4F3B-A02E-C2D6B04D70C1}.Debug|Any CPU.ActiveCfg = Debug|Any CPU
		{B7165DE4-E97B-4F3B-A02E-C2D6B04D70C1}.Debug|Any CPU.Build.0 = Debug|Any CPU
		{B7165DE4-E97B-4F3B-A02E-C2D6B04D70C1}.Debug|Any CPU.Deploy.0 = Debug|Any CPU
		{B7165DE4-E97B-4F3B-A02E-C2D6B04D70C1}.Debug|iPhone.ActiveCfg = Debug|Any CPU
		{B7165DE4-E97B-4F3B-A02E-C2D6B04D70C1}.Debug|iPhone.Build.0 = Debug|Any CPU
		{B7165DE4-E97B-4F3B-A02E-C2D6B04D70C1}.Debug|iPhone.Deploy.0 = Debug|Any CPU
		{B7165DE4-E97B-4F3B-A02E-C2D6B04D70C1}.Debug|iPhoneSimulator.ActiveCfg = Debug|Any CPU
		{B7165DE4-E97B-4F3B-A02E-C2D6B04D70C1}.Debug|iPhoneSimulator.Build.0 = Debug|Any CPU
		{B7165DE4-E97B-4F3B-A02E-C2D6B04D70C1}.Debug|iPhoneSimulator.Deploy.0 = Debug|Any CPU
		{B7165DE4-E97B-4F3B-A02E-C2D6B04D70C1}.Release|Any CPU.ActiveCfg = Release|Any CPU
		{B7165DE4-E97B-4F3B-A02E-C2D6B04D70C1}.Release|Any CPU.Build.0 = Release|Any CPU
		{B7165DE4-E97B-4F3B-A02E-C2D6B04D70C1}.Release|Any CPU.Deploy.0 = Release|Any CPU
		{B7165DE4-E97B-4F3B-A02E-C2D6B04D70C1}.Release|iPhone.ActiveCfg = Release|Any CPU
		{B7165DE4-E97B-4F3B-A02E-C2D6B04D70C1}.Release|iPhone.Build.0 = Release|Any CPU
		{B7165DE4-E97B-4F3B-A02E-C2D6B04D70C1}.Release|iPhone.Deploy.0 = Release|Any CPU
		{B7165DE4-E97B-4F3B-A02E-C2D6B04D70C1}.Release|iPhoneSimulator.ActiveCfg = Release|Any CPU
		{B7165DE4-E97B-4F3B-A02E-C2D6B04D70C1}.Release|iPhoneSimulator.Build.0 = Release|Any CPU
		{B7165DE4-E97B-4F3B-A02E-C2D6B04D70C1}.Release|iPhoneSimulator.Deploy.0 = Release|Any CPU
	EndGlobalSection
	GlobalSection(SolutionProperties) = preSolution
		HideSolutionNode = FALSE
	EndGlobalSection
	GlobalSection(ExtensibilityGlobals) = postSolution
		SolutionGuid = {8578F4C4-CFBD-42B5-9CE4-8F8C7C344E46}
	EndGlobalSection
EndGlobal
